bundle_id: AIOS_TOOLS_REPOSITORY_GOVERNANCE_BUNDLE_01
bundle_version: 0.5
state: STAGING_ACTIVE
materialized_on: 2026-09-04
valid_through: 2026-10-04
normal_repo_work_external_fetch_required: false
upstream_authority_cutover: false
repository_autonomy_phase: 5
native_adapter_state: ACTIVE
native_skill_state: ACTIVE
organization_audit_state: ACTIVE
sync_state: ACTIVE_PENDING_DELTA
sync_role: KNOWLEDGE_STEWARD
freshness_owner: KNOWLEDGE_STEWARD
freshness_policy: FAIL_CLOSED_AFTER_VALID_THROUGH
sync_freshness_days: 30
upstream_source_ids_csv: AIOS_TOOLS_EXECUTION_LAYER_CONTRACT,AIOS_GITHUB_GOVERNED_EXECUTION_CONTRACT_v0.1,VERIFIER_OWNED_ACCEPTANCE_01
last_sync_receipt: docs/agent-system/governance-sync/receipts/GSYNC-AIOS-TOOLS-20260904-001.json
last_sync_receipt_sha256: 6f00e1ff9be9fadf4023d3964c98c09443ba49e491485f022e6bdf2744d6104e
last_sync_disposition: MATERIAL_DELTA_PENDING
last_sync_performed_on: 2026-09-04
freshness_renewed_by_last_sync: false
pending_delta_resolution_state: REPAIR_CANDIDATE_ACTIVE
pending_delta_resolution_branch: aios/exact-head-ci-binding-01
pending_delta_resolution_pr: 59
pending_delta_resolution_lesson: LESSON-AIOS-TOOLS-001
post_merge_resync_required: true
