bundle_id: AIOS_TOOLS_REPOSITORY_GOVERNANCE_BUNDLE_01
bundle_version: 0.6
state: SELF_SUFFICIENT_REPO_ACTIVE
materialized_on: 2026-09-04
valid_through: 2026-10-04
normal_repo_work_external_fetch_required: false
upstream_authority_cutover: false
repository_autonomy_phase: 5
native_adapter_state: ACTIVE
native_skill_state: ACTIVE
organization_audit_state: ACTIVE
sync_state: ACTIVE
sync_role: KNOWLEDGE_STEWARD
freshness_owner: KNOWLEDGE_STEWARD
freshness_policy: FAIL_CLOSED_AFTER_VALID_THROUGH
sync_freshness_days: 30
upstream_source_ids_csv: AIOS_TOOLS_EXECUTION_LAYER_CONTRACT,AIOS_GITHUB_GOVERNED_EXECUTION_CONTRACT_v0.1,VERIFIER_OWNED_ACCEPTANCE_01
last_sync_receipt: docs/agent-system/governance-sync/receipts/GSYNC-AIOS-TOOLS-20260904-002.json
last_sync_receipt_sha256: 20cb432b7aad214c91aa7b286047d7ea6c4a4ba3dab81c2d0303498adb263228
last_sync_disposition: MATERIAL_DELTA_RECONCILED
last_sync_performed_on: 2026-09-04
freshness_renewed_by_last_sync: true
pending_delta_resolution_state: RECONCILED_ON_MAIN
pending_delta_resolution_branch: NONE
pending_delta_resolution_pr: 59
pending_delta_resolution_lesson: LESSON-AIOS-TOOLS-001
post_merge_resync_required: false
phase_5_completion_state: COMPLETE
